
Microsoft Visual Studio Solution File, Format Version 12.00
# Visual Studio Version 17
VisualStudioVersion = 17.11.35312.102
MinimumVisualStudioVersion = 10.0.40219.1
Project("{FAE04EC0-301F-11D3-BF4B-00C04F79EFBC}") = "Game.Shared", "Game.Shared\Game.Shared.csproj", "{96C854AC-0827-441E-BF69-017DFF6EF1A0}"
EndProject
Project("{FAE04EC0-301F-11D3-BF4B-00C04F79EFBC}") = "Game.ServerRunner", "Game.ServerRunner\Game.ServerRunner.csproj", "{22B9083F-B94C-4930-A323-8DCCFCB114F7}"
EndProject
Project("{FAE04EC0-301F-11D3-BF4B-00C04F79EFBC}") = "Quantum.Shared", "Quantum.Shared\Quantum.Shared.csproj", "{50B0CCFE-5325-45C5-AA70-9C65F8F2F4CD}"
EndProject
Project("{FAE04EC0-301F-11D3-BF4B-00C04F79EFBC}") = "Tests.E2E", "Tests.E2E\Tests.E2E.csproj", "{D45ACE4F-D379-4D1E-8E85-75DAC9778EEC}"
EndProject
Global
	GlobalSection(SolutionConfigurationPlatforms) = preSolution
		Debug|Any CPU = Debug|Any CPU
		Release|Any CPU = Release|Any CPU
	EndGlobalSection
	GlobalSection(ProjectConfigurationPlatforms) = postSolution
		{96C854AC-0827-441E-BF69-017DFF6EF1A0}.Debug|Any CPU.ActiveCfg = Debug|Any CPU
		{96C854AC-0827-441E-BF69-017DFF6EF1A0}.Debug|Any CPU.Build.0 = Debug|Any CPU
		{96C854AC-0827-441E-BF69-017DFF6EF1A0}.Release|Any CPU.ActiveCfg = Release|Any CPU
		{96C854AC-0827-441E-BF69-017DFF6EF1A0}.Release|Any CPU.Build.0 = Release|Any CPU
		{22B9083F-B94C-4930-A323-8DCCFCB114F7}.Debug|Any CPU.ActiveCfg = Debug|Any CPU
		{22B9083F-B94C-4930-A323-8DCCFCB114F7}.Debug|Any CPU.Build.0 = Debug|Any CPU
		{22B9083F-B94C-4930-A323-8DCCFCB114F7}.Release|Any CPU.ActiveCfg = Release|Any CPU
		{22B9083F-B94C-4930-A323-8DCCFCB114F7}.Release|Any CPU.Build.0 = Release|Any CPU
		{50B0CCFE-5325-45C5-AA70-9C65F8F2F4CD}.Debug|Any CPU.ActiveCfg = Debug|Any CPU
		{50B0CCFE-5325-45C5-AA70-9C65F8F2F4CD}.Debug|Any CPU.Build.0 = Debug|Any CPU
		{50B0CCFE-5325-45C5-AA70-9C65F8F2F4CD}.Release|Any CPU.ActiveCfg = Release|Any CPU
		{50B0CCFE-5325-45C5-AA70-9C65F8F2F4CD}.Release|Any CPU.Build.0 = Release|Any CPU
		{D45ACE4F-D379-4D1E-8E85-75DAC9778EEC}.Debug|Any CPU.ActiveCfg = Debug|Any CPU
		{D45ACE4F-D379-4D1E-8E85-75DAC9778EEC}.Debug|Any CPU.Build.0 = Debug|Any CPU
		{D45ACE4F-D379-4D1E-8E85-75DAC9778EEC}.Release|Any CPU.ActiveCfg = Release|Any CPU
		{D45ACE4F-D379-4D1E-8E85-75DAC9778EEC}.Release|Any CPU.Build.0 = Release|Any CPU
	EndGlobalSection
	GlobalSection(SolutionProperties) = preSolution
		HideSolutionNode = FALSE
	EndGlobalSection
	GlobalSection(ExtensibilityGlobals) = postSolution
		SolutionGuid = {F5565159-EA7A-47D0-9DE6-AF372BEB8716}
	EndGlobalSection
EndGlobal
